
Microsoft Visual Studio Solution File, Format Version 12.00
# Visual Studio Version 17
VisualStudioVersion = 17.3.32929.385
MinimumVisualStudioVersion = 10.0.40219.1
Project("{FAE04EC0-301F-11D3-BF4B-00C04F79EFBC}") = "Advent", "Advent\Advent.csproj", "{F2952FF4-FAFF-46D4-82D5-B820016D71D3}"
EndProject
Global
	GlobalSection(SolutionConfigurationPlatforms) = preSolution
		Debug|Any CPU = Debug|Any CPU
		Release|Any CPU = Release|Any CPU
	EndGlobalSection
	GlobalSection(ProjectConfigurationPlatforms) = postSolution
		{F2952FF4-FAFF-46D4-82D5-B820016D71D3}.Debug|Any CPU.ActiveCfg = Debug|Any CPU
		{F2952FF4-FAFF-46D4-82D5-B820016D71D3}.Debug|Any CPU.Build.0 = Debug|Any CPU
		{F2952FF4-FAFF-46D4-82D5-B820016D71D3}.Release|Any CPU.ActiveCfg = Release|Any CPU
		{F2952FF4-FAFF-46D4-82D5-B820016D71D3}.Release|Any CPU.Build.0 = Release|Any CPU
	EndGlobalSection
	GlobalSection(SolutionProperties) = preSolution
		HideSolutionNode = FALSE
	EndGlobalSection
	GlobalSection(ExtensibilityGlobals) = postSolution
		SolutionGuid = {1C4EFA73-ECB3-48BF-AB0A-D804FCD8EC16}
	EndGlobalSection
EndGlobal
